
Microsoft Visual Studio Solution File, Format Version 12.00
# Visual Studio 15
VisualStudioVersion = 15.0.27130.2024
MinimumVisualStudioVersion = 10.0.40219.1
Project("{FAE04EC0-301F-11D3-BF4B-00C04F79EFBC}") = "OpenCvDnnYolo", "OpenCvDnnYolo\OpenCvDnnYolo.csproj", "{3E1E95D3-BAFF-454F-BCFA-F91A9595CD6A}"
EndProject
Global
	GlobalSection(SolutionConfigurationPlatforms) = preSolution
		Debug|Any CPU = Debug|Any CPU
		Release|Any CPU = Release|Any CPU
	EndGlobalSection
	GlobalSection(ProjectConfigurationPlatforms) = postSolution
		{3E1E95D3-BAFF-454F-BCFA-F91A9595CD6A}.Debug|Any CPU.ActiveCfg = Debug|Any CPU
		{3E1E95D3-BAFF-454F-BCFA-F91A9595CD6A}.Debug|Any CPU.Build.0 = Debug|Any CPU
		{3E1E95D3-BAFF-454F-BCFA-F91A9595CD6A}.Release|Any CPU.ActiveCfg = Release|Any CPU
		{3E1E95D3-BAFF-454F-BCFA-F91A9595CD6A}.Release|Any CPU.Build.0 = Release|Any CPU
	EndGlobalSection
	GlobalSection(SolutionProperties) = preSolution
		HideSolutionNode = FALSE
	EndGlobalSection
	GlobalSection(ExtensibilityGlobals) = postSolution
		SolutionGuid = {A7187F41-A515-42B8-A4AE-844D7F47F1CE}
	EndGlobalSection
EndGlobal
